// !$*UTF8*$!
{
	archiveVersion = 1;
	classes = {
	};
	objectVersion = 39;
	objects = {
		014CEA4F0018CE4811CA2923 = {
			buildSettings = {
				COPY_PHASE_STRIP = NO;
				GCC_C_LANGUAGE_STANDARD = c99;
				GCC_DYNAMIC_NO_PIC = NO;
				GCC_ENABLE_FIX_AND_CONTINUE = YES;
				GCC_GENERATE_DEBUGGING_SYMBOLS = YES;
				GCC_OPTIMIZATION_LEVEL = 0;
				ZERO_LINK = YES;
			};
			isa = PBXBuildStyle;
			name = Development;
		};
		014CEA500018CE4811CA2923 = {
			buildSettings = {
				COPY_PHASE_STRIP = YES;
				GCC_ENABLE_FIX_AND_CONTINUE = NO;
				GCC_GENERATE_DEBUGGING_SYMBOLS = NO;
				ZERO_LINK = NO;
			};
			isa = PBXBuildStyle;
			name = Deployment;
		};
//010
//011
//012
//013
//014
//080
//081
//082
//083
//084
		08FB7793FE84155DC02AAC07 = {
			buildSettings = {
			};
			buildStyles = (
				014CEA4F0018CE4811CA2923,
				014CEA500018CE4811CA2923,
			);
			hasScannedForEncodings = 1;
			isa = PBXProject;
			mainGroup = 08FB7794FE84155DC02AAC07;
			projectDirPath = "";
			targets = (
				8DD76F960486AA7600D96B5E,
				2C863A2308FE639D00F73527,
				2C16528508FF6F38003142E0,
			);
		};
		08FB7794FE84155DC02AAC07 = {
			children = (
				2C863BCC08FE6CEE00F73527,
				08FB7795FE84155DC02AAC07,
				C6859EA2029092E104C91782,
				08FB779DFE84155DC02AAC07,
				1AB674ADFE9D54B511CA2CBB,
			);
			isa = PBXGroup;
			name = smartActivate;
			refType = 4;
			sourceTree = "<group>";
		};
		08FB7795FE84155DC02AAC07 = {
			children = (
				2C863ADB08FE66C300F73527,
				2C0EB20508F2CE6B0091C5CE,
				2C0EB20608F2CE6B0091C5CE,
				32A70AAB03705E1F00C91783,
				08FB7796FE84155DC02AAC07,
			);
			isa = PBXGroup;
			name = Source;
			refType = 4;
			sourceTree = "<group>";
		};
		08FB7796FE84155DC02AAC07 = {
			fileEncoding = 4;
			isa = PBXFileReference;
			lastKnownFileType = sourcecode.c.objc;
			path = main.m;
			refType = 4;
			sourceTree = "<group>";
		};
		08FB779DFE84155DC02AAC07 = {
			children = (
				2C863B9908FE6A0400F73527,
				2C0EB30908F2E32C0091C5CE,
				08FB779EFE84155DC02AAC07,
			);
			isa = PBXGroup;
			name = "External Frameworks and Libraries";
			refType = 4;
			sourceTree = "<group>";
		};
		08FB779EFE84155DC02AAC07 = {
			isa = PBXFileReference;
			lastKnownFileType = wrapper.framework;
			name = Foundation.framework;
			path = /System/Library/Frameworks/Foundation.framework;
			refType = 0;
			sourceTree = "<absolute>";
		};
//080
//081
//082
//083
//084
//1A0
//1A1
//1A2
//1A3
//1A4
		1AB674ADFE9D54B511CA2CBB = {
			children = (
				8DD76FA10486AA7600D96B5E,
				2C863A2408FE639D00F73527,
				2C16528608FF6F38003142E0,
			);
			isa = PBXGroup;
			name = Products;
			refType = 4;
			sourceTree = "<group>";
		};
//1A0
//1A1
//1A2
//1A3
//1A4
//2C0
//2C1
//2C2
//2C3
//2C4
		2C0EB20508F2CE6B0091C5CE = {
			fileEncoding = 4;
			isa = PBXFileReference;
			lastKnownFileType = sourcecode.c.h;
			path = SmartActivate.h;
			refType = 4;
			sourceTree = "<group>";
		};
		2C0EB20608F2CE6B0091C5CE = {
			fileEncoding = 4;
			isa = PBXFileReference;
			lastKnownFileType = sourcecode.c.objc;
			path = SmartActivate.m;
			refType = 4;
			sourceTree = "<group>";
		};
		2C0EB20708F2CE6B0091C5CE = {
			fileRef = 2C0EB20508F2CE6B0091C5CE;
			isa = PBXBuildFile;
			settings = {
			};
		};
		2C0EB20808F2CE6B0091C5CE = {
			fileRef = 2C0EB20608F2CE6B0091C5CE;
			isa = PBXBuildFile;
			settings = {
			};
		};
		2C0EB30908F2E32C0091C5CE = {
			isa = PBXFileReference;
			lastKnownFileType = wrapper.framework;
			name = ApplicationServices.framework;
			path = /System/Library/Frameworks/ApplicationServices.framework;
			refType = 0;
			sourceTree = "<absolute>";
		};
		2C0EB30A08F2E32C0091C5CE = {
			fileRef = 2C0EB30908F2E32C0091C5CE;
			isa = PBXBuildFile;
			settings = {
			};
		};
		2C16528208FF6F38003142E0 = {
			buildActionMask = 2147483647;
			files = (
			);
			isa = PBXResourcesBuildPhase;
			runOnlyForDeploymentPostprocessing = 0;
		};
		2C16528308FF6F38003142E0 = {
			buildActionMask = 2147483647;
			files = (
				2C16528C08FF7003003142E0,
				2C16528D08FF7003003142E0,
			);
			isa = PBXSourcesBuildPhase;
			runOnlyForDeploymentPostprocessing = 0;
		};
		2C16528408FF6F38003142E0 = {
			buildActionMask = 2147483647;
			files = (
				2C16544808FF7014003142E0,
				2C16544908FF7014003142E0,
				2C16544A08FF7014003142E0,
			);
			isa = PBXFrameworksBuildPhase;
			runOnlyForDeploymentPostprocessing = 0;
		};
		2C16528508FF6F38003142E0 = {
			buildPhases = (
				2C16528208FF6F38003142E0,
				2C16528308FF6F38003142E0,
				2C16528408FF6F38003142E0,
				2C16544F08FF7047003142E0,
			);
			buildRules = (
			);
			buildSettings = {
				GCC_PRECOMPILE_PREFIX_HEADER = YES;
				GCC_PREFIX_HEADER = "$(SYSTEM_LIBRARY_DIR)/Frameworks/Carbon.framework/Headers/Carbon.h";
				INFOPLIST_FILE = "SmartActivateApp-Info.plist";
				INSTALL_PATH = "$(USER_APPS_DIR)";
				OTHER_CFLAGS = "";
				OTHER_LDFLAGS = "-framework Carbon";
				OTHER_REZFLAGS = "";
				PRODUCT_NAME = SmartActivateApp;
				SECTORDER_FLAGS = "";
				WARNING_CFLAGS = "-Wmost -Wno-four-char-constants -Wno-unknown-pragmas";
			};
			dependencies = (
			);
			isa = PBXNativeTarget;
			name = SmartActivateApp;
			productName = SmartActivateApp;
			productReference = 2C16528608FF6F38003142E0;
			productSettingsXML = "<?xml version=\"1.0\" encoding=\"UTF-8\"?>
<!DOCTYPE plist PUBLIC \"-//Apple Computer//DTD PLIST 1.0//EN\" \"http://www.apple.com/DTDs/PropertyList-1.0.dtd\">
<plist version=\"1.0\">
<dict>
	<key>CFBundleDevelopmentRegion</key>
	<string>English</string>
	<key>CFBundleExecutable</key>
	<string>ﾇPRODUCTNAMEﾈ</string>
	<key>CFBundleIdentifier</key>
	<string>com.yourcompany.ﾇTARGETNAMEASIDENTIFIERﾈ</string>
	<key>CFBundleInfoDictionaryVersion</key>
	<string>6.0</string>
	<key>CFBundlePackageType</key>
	<string>APPL</string>
	<key>CFBundleSignature</key>
	<string>????</string>
	<key>CFBundleVersion</key>
	<string>1.0</string>
</dict>
</plist>
";
			productType = "com.apple.product-type.application";
		};
		2C16528608FF6F38003142E0 = {
			explicitFileType = wrapper.application;
			includeInIndex = 0;
			isa = PBXFileReference;
			path = SmartActivateApp.app;
			refType = 3;
			sourceTree = BUILT_PRODUCTS_DIR;
		};
		2C16528808FF6F38003142E0 = {
			fileEncoding = 4;
			isa = PBXFileReference;
			lastKnownFileType = text.xml;
			lineEnding = 0;
			name = "SmartActivateApp-Info.plist";
			path = "/Users/tkurita/Factories/Cocoa/Projects/SmartActivate/SmartActivateApp-Info.plist";
			refType = 0;
			sourceTree = "<absolute>";
		};
		2C16528C08FF7003003142E0 = {
			fileRef = 2C863ADB08FE66C300F73527;
			isa = PBXBuildFile;
			settings = {
			};
		};
		2C16528D08FF7003003142E0 = {
			fileRef = 2C0EB20608F2CE6B0091C5CE;
			isa = PBXBuildFile;
			settings = {
			};
		};
		2C16544808FF7014003142E0 = {
			fileRef = 2C863B9908FE6A0400F73527;
			isa = PBXBuildFile;
			settings = {
			};
		};
		2C16544908FF7014003142E0 = {
			fileRef = 2C0EB30908F2E32C0091C5CE;
			isa = PBXBuildFile;
			settings = {
			};
		};
		2C16544A08FF7014003142E0 = {
			fileRef = 08FB779EFE84155DC02AAC07;
			isa = PBXBuildFile;
			settings = {
			};
		};
		2C16544F08FF7047003142E0 = {
			buildActionMask = 2147483647;
			files = (
				2C16545008FF7051003142E0,
			);
			isa = PBXRezBuildPhase;
			runOnlyForDeploymentPostprocessing = 0;
		};
		2C16545008FF7051003142E0 = {
			fileRef = 2C863BCA08FE6CE200F73527;
			isa = PBXBuildFile;
			settings = {
			};
		};
		2C863A2008FE639D00F73527 = {
			buildActionMask = 2147483647;
			files = (
			);
			isa = PBXResourcesBuildPhase;
			runOnlyForDeploymentPostprocessing = 0;
		};
		2C863A2108FE639D00F73527 = {
			buildActionMask = 2147483647;
			files = (
				2C863ACA08FE656A00F73527,
				2C863ADC08FE66C300F73527,
			);
			isa = PBXSourcesBuildPhase;
			runOnlyForDeploymentPostprocessing = 0;
		};
		2C863A2208FE639D00F73527 = {
			buildActionMask = 2147483647;
			files = (
				2C863AC908FE656300F73527,
				2C863A5B08FE656100F73527,
				2C863B9A08FE6A0400F73527,
			);
			isa = PBXFrameworksBuildPhase;
			runOnlyForDeploymentPostprocessing = 0;
		};
		2C863A2308FE639D00F73527 = {
			buildPhases = (
				2C863AD408FE65A900F73527,
				2C863A2008FE639D00F73527,
				2C863A2108FE639D00F73527,
				2C863A2208FE639D00F73527,
				2C863ACD08FE658900F73527,
			);
			buildRules = (
			);
			buildSettings = {
				GCC_PRECOMPILE_PREFIX_HEADER = YES;
				GCC_PREFIX_HEADER = SmartActivate_Prefix.pch;
				INFOPLIST_FILE = Info.plist;
				INSTALL_PATH = "$(USER_LIBRARY_DIR)/ScriptingAdditions";
				OTHER_CFLAGS = "";
				OTHER_LDFLAGS = "";
				OTHER_REZFLAGS = "";
				PRODUCT_NAME = SmartActivate;
				SECTORDER_FLAGS = "";
				WARNING_CFLAGS = "-Wmost -Wno-four-char-constants -Wno-unknown-pragmas";
				WRAPPER_EXTENSION = osax;
			};
			dependencies = (
			);
			isa = PBXNativeTarget;
			name = SmartActivate;
			productName = SmartActivate.osax;
			productReference = 2C863A2408FE639D00F73527;
			productSettingsXML = "<?xml version=\"1.0\" encoding=\"UTF-8\"?>
<!DOCTYPE plist PUBLIC \"-//Apple Computer//DTD PLIST 1.0//EN\" \"http://www.apple.com/DTDs/PropertyList-1.0.dtd\">
<plist version=\"1.0\">
<dict>
	<key>CFBundleDevelopmentRegion</key>
	<string>English</string>
	<key>CFBundleExecutable</key>
	<string>ﾇPRODUCTNAMEﾈ</string>
	<key>CFBundleIdentifier</key>
	<string>com.yourcompany.ﾇTARGETNAMEASIDENTIFIERﾈ</string>
	<key>CFBundleInfoDictionaryVersion</key>
	<string>6.0</string>
	<key>CFBundlePackageType</key>
	<string>APPL</string>
	<key>CFBundleSignature</key>
	<string>????</string>
	<key>CFBundleVersion</key>
	<string>1.0</string>
</dict>
</plist>
";
			productType = "com.apple.product-type.bundle";
		};
		2C863A2408FE639D00F73527 = {
			explicitFileType = wrapper.cfbundle;
			includeInIndex = 0;
			isa = PBXFileReference;
			path = SmartActivate.osax;
			refType = 3;
			sourceTree = BUILT_PRODUCTS_DIR;
		};
		2C863A2508FE639D00F73527 = {
			fileEncoding = 4;
			isa = PBXFileReference;
			lastKnownFileType = text.xml;
			name = Info.plist;
			path = /Users/tkurita/Factories/Cocoa/Projects/SmartActivate/Info.plist;
			refType = 0;
			sourceTree = "<absolute>";
		};
		2C863A5B08FE656100F73527 = {
			fileRef = 08FB779EFE84155DC02AAC07;
			isa = PBXBuildFile;
			settings = {
			};
		};
		2C863AC908FE656300F73527 = {
			fileRef = 2C0EB30908F2E32C0091C5CE;
			isa = PBXBuildFile;
			settings = {
			};
		};
		2C863ACA08FE656A00F73527 = {
			fileRef = 2C0EB20608F2CE6B0091C5CE;
			isa = PBXBuildFile;
			settings = {
			};
		};
		2C863ACD08FE658900F73527 = {
			buildActionMask = 2147483647;
			files = (
				2C863BCB08FE6CE200F73527,
			);
			isa = PBXRezBuildPhase;
			runOnlyForDeploymentPostprocessing = 0;
		};
		2C863AD408FE65A900F73527 = {
			buildActionMask = 2147483647;
			files = (
			);
			isa = PBXHeadersBuildPhase;
			runOnlyForDeploymentPostprocessing = 0;
		};
		2C863ADB08FE66C300F73527 = {
			fileEncoding = 4;
			isa = PBXFileReference;
			lastKnownFileType = sourcecode.c.objc;
			path = mainOSAX.m;
			refType = 4;
			sourceTree = "<group>";
		};
		2C863ADC08FE66C300F73527 = {
			fileRef = 2C863ADB08FE66C300F73527;
			isa = PBXBuildFile;
			settings = {
			};
		};
		2C863B9908FE6A0400F73527 = {
			isa = PBXFileReference;
			lastKnownFileType = wrapper.framework;
			name = Carbon.framework;
			path = /System/Library/Frameworks/Carbon.framework;
			refType = 0;
			sourceTree = "<absolute>";
		};
		2C863B9A08FE6A0400F73527 = {
			fileRef = 2C863B9908FE6A0400F73527;
			isa = PBXBuildFile;
			settings = {
			};
		};
		2C863BB908FE6C1A00F73527 = {
			fileEncoding = 4;
			isa = PBXFileReference;
			lastKnownFileType = text.xml;
			path = SmartActivate.sdef;
			refType = 4;
			sourceTree = "<group>";
		};
		2C863BCA08FE6CE200F73527 = {
			fileEncoding = 4;
			isa = PBXFileReference;
			lastKnownFileType = sourcecode.rez;
			path = Scripting.r;
			refType = 4;
			sourceTree = "<group>";
		};
		2C863BCB08FE6CE200F73527 = {
			fileRef = 2C863BCA08FE6CE200F73527;
			isa = PBXBuildFile;
			settings = {
			};
		};
		2C863BCC08FE6CEE00F73527 = {
			children = (
				2C863A2508FE639D00F73527,
				2C16528808FF6F38003142E0,
				2C863BCA08FE6CE200F73527,
				2C863BB908FE6C1A00F73527,
			);
			isa = PBXGroup;
			name = Resources;
			refType = 4;
			sourceTree = "<group>";
		};
//2C0
//2C1
//2C2
//2C3
//2C4
//320
//321
//322
//323
//324
		32A70AAB03705E1F00C91783 = {
			fileEncoding = 4;
			isa = PBXFileReference;
			lastKnownFileType = sourcecode.c.h;
			path = SmartActivate_Prefix.pch;
			refType = 4;
			sourceTree = "<group>";
		};
//320
//321
//322
//323
//324
//8D0
//8D1
//8D2
//8D3
//8D4
		8DD76F960486AA7600D96B5E = {
			buildPhases = (
				8DD76F990486AA7600D96B5E,
				8DD76F9B0486AA7600D96B5E,
				8DD76F9E0486AA7600D96B5E,
			);
			buildRules = (
			);
			buildSettings = {
				GCC_GENERATE_DEBUGGING_SYMBOLS = NO;
				GCC_PRECOMPILE_PREFIX_HEADER = YES;
				GCC_PREFIX_HEADER = SmartActivate_Prefix.pch;
				INSTALL_PATH = "$(HOME)/bin";
				PRODUCT_NAME = activate;
			};
			dependencies = (
			);
			isa = PBXNativeTarget;
			name = activate;
			productInstallPath = "$(HOME)/bin";
			productName = smartActivate;
			productReference = 8DD76FA10486AA7600D96B5E;
			productType = "com.apple.product-type.tool";
		};
		8DD76F990486AA7600D96B5E = {
			buildActionMask = 2147483647;
			files = (
				8DD76F9A0486AA7600D96B5E,
				2C0EB20808F2CE6B0091C5CE,
			);
			isa = PBXSourcesBuildPhase;
			runOnlyForDeploymentPostprocessing = 0;
		};
		8DD76F9A0486AA7600D96B5E = {
			fileRef = 08FB7796FE84155DC02AAC07;
			isa = PBXBuildFile;
			settings = {
				ATTRIBUTES = (
				);
			};
		};
		8DD76F9B0486AA7600D96B5E = {
			buildActionMask = 2147483647;
			files = (
				8DD76F9C0486AA7600D96B5E,
				2C0EB30A08F2E32C0091C5CE,
			);
			isa = PBXFrameworksBuildPhase;
			runOnlyForDeploymentPostprocessing = 0;
		};
		8DD76F9C0486AA7600D96B5E = {
			fileRef = 08FB779EFE84155DC02AAC07;
			isa = PBXBuildFile;
			settings = {
			};
		};
		8DD76F9E0486AA7600D96B5E = {
			buildActionMask = 8;
			dstPath = /usr/share/man/man1/;
			dstSubfolderSpec = 0;
			files = (
				8DD76F9F0486AA7600D96B5E,
				2C0EB20708F2CE6B0091C5CE,
			);
			isa = PBXCopyFilesBuildPhase;
			runOnlyForDeploymentPostprocessing = 1;
		};
		8DD76F9F0486AA7600D96B5E = {
			fileRef = C6859EA3029092ED04C91782;
			isa = PBXBuildFile;
			settings = {
			};
		};
		8DD76FA10486AA7600D96B5E = {
			explicitFileType = "compiled.mach-o.executable";
			includeInIndex = 0;
			isa = PBXFileReference;
			path = activate;
			refType = 3;
			sourceTree = BUILT_PRODUCTS_DIR;
		};
//8D0
//8D1
//8D2
//8D3
//8D4
//C60
//C61
//C62
//C63
//C64
		C6859EA2029092E104C91782 = {
			children = (
				C6859EA3029092ED04C91782,
			);
			isa = PBXGroup;
			name = Documentation;
			refType = 4;
			sourceTree = "<group>";
		};
		C6859EA3029092ED04C91782 = {
			isa = PBXFileReference;
			lastKnownFileType = text.man;
			path = activate.1;
			refType = 4;
			sourceTree = "<group>";
		};
	};
	rootObject = 08FB7793FE84155DC02AAC07;
}
